
Microsoft Visual Studio Solution File, Format Version 12.00
# Visual Studio Version 17
VisualStudioVersion = 17.7.34024.191
MinimumVisualStudioVersion = 10.0.40219.1
Project("{8BC9CEB8-8B4A-11D0-8D11-00A0C91BC942}") = "Uniscan_Research", "Uniscan_Research.vcxproj", "{C56F74AD-5182-4C67-8F06-2F25FFC5A52E}"
EndProject
Project("{8BC9CEB8-8B4A-11D0-8D11-00A0C91BC942}") = "Test", "Test\Test.vcxproj", "{3EAF22CF-3736-47AC-B71A-9D51107A9A2D}"
EndProject
Global
	GlobalSection(SolutionConfigurationPlatforms) = preSolution
		Debug|x64 = Debug|x64
		Debug|x86 = Debug|x86
		Release|x64 = Release|x64
		Release|x86 = Release|x86
	EndGlobalSection
	GlobalSection(ProjectConfigurationPlatforms) = postSolution
		{C56F74AD-5182-4C67-8F06-2F25FFC5A52E}.Debug|x64.ActiveCfg = Debug|x64
		{C56F74AD-5182-4C67-8F06-2F25FFC5A52E}.Debug|x64.Build.0 = Debug|x64
		{C56F74AD-5182-4C67-8F06-2F25FFC5A52E}.Debug|x86.ActiveCfg = Debug|Win32
		{C56F74AD-5182-4C67-8F06-2F25FFC5A52E}.Debug|x86.Build.0 = Debug|Win32
		{C56F74AD-5182-4C67-8F06-2F25FFC5A52E}.Release|x64.ActiveCfg = Release|x64
		{C56F74AD-5182-4C67-8F06-2F25FFC5A52E}.Release|x64.Build.0 = Release|x64
		{C56F74AD-5182-4C67-8F06-2F25FFC5A52E}.Release|x86.ActiveCfg = Release|Win32
		{C56F74AD-5182-4C67-8F06-2F25FFC5A52E}.Release|x86.Build.0 = Release|Win32
		{3EAF22CF-3736-47AC-B71A-9D51107A9A2D}.Debug|x64.ActiveCfg = Debug|x64
		{3EAF22CF-3736-47AC-B71A-9D51107A9A2D}.Debug|x64.Build.0 = Debug|x64
		{3EAF22CF-3736-47AC-B71A-9D51107A9A2D}.Debug|x86.ActiveCfg = Debug|Win32
		{3EAF22CF-3736-47AC-B71A-9D51107A9A2D}.Debug|x86.Build.0 = Debug|Win32
		{3EAF22CF-3736-47AC-B71A-9D51107A9A2D}.Release|x64.ActiveCfg = Release|x64
		{3EAF22CF-3736-47AC-B71A-9D51107A9A2D}.Release|x64.Build.0 = Release|x64
		{3EAF22CF-3736-47AC-B71A-9D51107A9A2D}.Release|x86.ActiveCfg = Release|Win32
		{3EAF22CF-3736-47AC-B71A-9D51107A9A2D}.Release|x86.Build.0 = Release|Win32
	EndGlobalSection
	GlobalSection(SolutionProperties) = preSolution
		HideSolutionNode = FALSE
	EndGlobalSection
	GlobalSection(ExtensibilityGlobals) = postSolution
		SolutionGuid = {08A887F3-E625-46A7-9F57-DB886E939A88}
	EndGlobalSection
EndGlobal
